{
  "version": "2",
  "remote": {
    "https://deno.land/std@0.196.0/_util/os.ts": "d932f56d41e4f6a6093d56044e29ce637f8dcc43c5a90af43504a889cf1775e3",
    "https://deno.land/std@0.196.0/assert/assert.ts": "9a97dad6d98c238938e7540736b826440ad8c1c1e54430ca4c4e623e585607ee",
    "https://deno.land/std@0.196.0/assert/assertion_error.ts": "4d0bde9b374dfbcbe8ac23f54f567b77024fb67dbb1906a852d67fe050d42f56",
    "https://deno.land/std@0.196.0/bytes/copy.ts": "939d89e302a9761dcf1d9c937c7711174ed74c59eef40a1e4569a05c9de88219",
    "https://deno.land/std@0.196.0/collections/filter_values.ts": "16e1fc456a7969e770ec5b89edf5ac97b295ca534b47c1a83f061b409aad7814",
    "https://deno.land/std@0.196.0/collections/without_all.ts": "1e3cccb1ed0659455b473c0766d9414b7710d8cef48862c899f445178f66b779",
    "https://deno.land/std@0.196.0/dotenv/mod.ts": "39e5d19e077e55d7e01ea600eb1c6d1e18a8dfdfc65d68826257a576788da3a4",
    "https://deno.land/std@0.196.0/flags/mod.ts": "a5ac18af6583404f21ea03771f8816669d901e0ff4374020870334d6f61d73d5",
    "https://deno.land/std@0.196.0/fmt/colors.ts": "a7eecffdf3d1d54db890723b303847b6e0a1ab4b528ba6958b8f2e754cf1b3bc",
    "https://deno.land/std@0.196.0/fmt/printf.ts": "d3cf1bcc6af4d1ab04747a99f22845abfd0c7ec3cfcc72cfc2b544128a821a12",
    "https://deno.land/std@0.196.0/fs/_util.ts": "fbf57dcdc9f7bc8128d60301eece608246971a7836a3bb1e78da75314f08b978",
    "https://deno.land/std@0.196.0/fs/copy.ts": "b4f7fe87190d7b310c88a2d9ff845210c0a2b7b0a094ec509747359023beb7d6",
    "https://deno.land/std@0.196.0/fs/empty_dir.ts": "c3d2da4c7352fab1cf144a1ecfef58090769e8af633678e0f3fabaef98594688",
    "https://deno.land/std@0.196.0/fs/ensure_dir.ts": "dc64c4c75c64721d4e3fb681f1382f803ff3d2868f08563ff923fdd20d071c40",
    "https://deno.land/std@0.196.0/fs/ensure_file.ts": "c38602670bfaf259d86ca824a94e6cb9e5eb73757fefa4ebf43a90dd017d53d9",
    "https://deno.land/std@0.196.0/fs/ensure_link.ts": "c0f5b2f0ec094ed52b9128eccb1ee23362a617457aa0f699b145d4883f5b2fb4",
    "https://deno.land/std@0.196.0/fs/ensure_symlink.ts": "5006ab2f458159c56d689b53b1e48d57e05eeb1eaf64e677f7f76a30bc4fdba1",
    "https://deno.land/std@0.196.0/fs/eol.ts": "f1f2eb348a750c34500741987b21d65607f352cf7205f48f4319d417fff42842",
    "https://deno.land/std@0.196.0/fs/exists.ts": "29c26bca8584a22876be7cb8844f1b6c8fc35e9af514576b78f5c6884d7ed02d",
    "https://deno.land/std@0.196.0/fs/expand_glob.ts": "3e427436f4b3768727bd7de84169f10db75fe50b32e6dde567b8ae558a8d857a",
    "https://deno.land/std@0.196.0/fs/mod.ts": "bc3d0acd488cc7b42627044caf47d72019846d459279544e1934418955ba4898",
    "https://deno.land/std@0.196.0/fs/move.ts": "b4f8f46730b40c32ea3c0bc8eb0fd0e8139249a698883c7b3756424cf19785c9",
    "https://deno.land/std@0.196.0/fs/walk.ts": "f60c5ca721cb3cce7bad14cdfbe2beb0cd876343010e619362f3129df0575885",
    "https://deno.land/std@0.196.0/io/buf_writer.ts": "48c33c8f00b61dcbc7958706741cec8e59810bd307bc6a326cbd474fe8346dfd",
    "https://deno.land/std@0.196.0/path/_constants.ts": "e49961f6f4f48039c0dfed3c3f93e963ca3d92791c9d478ac5b43183413136e0",
    "https://deno.land/std@0.196.0/path/_interface.ts": "6471159dfbbc357e03882c2266d21ef9afdb1e4aa771b0545e90db58a0ba314b",
    "https://deno.land/std@0.196.0/path/_util.ts": "d7abb1e0dea065f427b89156e28cdeb32b045870acdf865833ba808a73b576d0",
    "https://deno.land/std@0.196.0/path/common.ts": "ee7505ab01fd22de3963b64e46cff31f40de34f9f8de1fff6a1bd2fe79380000",
    "https://deno.land/std@0.196.0/path/glob.ts": "d479e0a695621c94d3fd7fe7abd4f9499caf32a8de13f25073451c6ef420a4e1",
    "https://deno.land/std@0.196.0/path/mod.ts": "f065032a7189404fdac3ad1a1551a9ac84751d2f25c431e101787846c86c79ef",
    "https://deno.land/std@0.196.0/path/posix.ts": "8b7c67ac338714b30c816079303d0285dd24af6b284f7ad63da5b27372a2c94d",
    "https://deno.land/std@0.196.0/path/separator.ts": "0fb679739d0d1d7bf45b68dacfb4ec7563597a902edbaf3c59b50d5bcadd93b1",
    "https://deno.land/std@0.196.0/path/win32.ts": "4fca292f8d116fd6d62f243b8a61bd3d6835a9f0ede762ba5c01afe7c3c0aa12",
    "https://deno.land/std@0.196.0/types.d.ts": "dbaeb2c4d7c526db9828fc8df89d8aecf53b9ced72e0c4568f97ddd8cda616a4",
    "https://deno.land/std@0.98.0/async/deferred.ts": "624bef4b755b71394620508a0c234a93cb8020cbd1b04bfcdad41c174392cef6",
    "https://deno.land/std@0.98.0/async/delay.ts": "9de1d8d07d1927767ab7f82434b883f3d8294fb19cad819691a2ad81a728cf3d",
    "https://deno.land/std@0.98.0/async/mod.ts": "f24e4a94f9fb7de78e8345e9590e1bf23da28a212541970413a023094448031b",
    "https://deno.land/std@0.98.0/async/mux_async_iterator.ts": "62abff3af9ff619e8f2adc96fc70d4ca020fa48a50c23c13f12d02ed2b760dbe",
    "https://deno.land/std@0.98.0/async/pool.ts": "353ce4f91865da203a097aa6f33de8966340c91b6f4a055611c8c5d534afd12f",
    "https://deno.land/std@0.98.0/async/tee.ts": "6b8f1322b6dd2396202cfbe9cde9cab158d1e962cfd9197b0a97c6657bee79ce",
    "https://deno.land/x/quasar@0.0.2/check/mod.ts": "66c9c03ab46399180057c8f52e2d409208570da4285750864dff6f1ae4edeaf3",
    "https://deno.land/x/quasar@0.0.2/deps.ts": "fad3df032252cb0da617bd45d50bb1884cdea30e71ffafc959b77b84c14e85f5",
    "https://deno.land/x/quasar@0.0.2/errors/mod.ts": "f5bad5638e8d288c8afae5f9fcb3a2a62025a251140e443db39aabf23f957531",
    "https://deno.land/x/quasar@0.0.2/fmt/host_writer.ts": "1adddde65d295236f7be7471c6be096ccaad96bee8a1675d3cb1c51b97e1a984",
    "https://deno.land/x/quasar@0.0.2/fmt/supports_color.ts": "aa957e00de8824caffc0c66d7af4982cd966459785b5acbec5868464057ccaed",
    "https://deno.land/x/quasar@0.0.2/fs/_interfaces.ts": "a8e708260918bf7925e72bd843ee642ad10dd6c6d12d643469bc31ba8cc89327",
    "https://deno.land/x/quasar@0.0.2/fs/fs.ts": "8ed2e8366fc4266ff31c13aecec191e45da832f4977b067def828622cbb6ec61",
    "https://deno.land/x/quasar@0.0.2/fs/mod.ts": "d714b8c22b8a93d475b67ce74dc1c110e647f02f95562b7dcab27d264d8d630c",
    "https://deno.land/x/quasar@0.0.2/mod.ts": "5cd289d704052b48de1666f5d145cb093a9684a9bdd4c0d8f726e75d9195968e",
    "https://deno.land/x/quasar@0.0.2/os/constants.ts": "1eebeb86851634c2593a064ffe6379b3134eaf1808352e328285385aa6afa369",
    "https://deno.land/x/quasar@0.0.2/os/env.ts": "b4c1e7f98a8e1e4eebe307b798e6935fe4637ea9f57f23b4c9562d17b4ae3eda",
    "https://deno.land/x/quasar@0.0.2/os/os.ts": "3280dc9c6011aabd1e4aca2f3d32d9bd39f5d0d0d7bd1931adb3ac3edbc52ad2",
    "https://deno.land/x/quasar@0.0.2/os/win.ts": "f3e9c67a5c85513226855712df354a864e9f6b3f38d0f44c5bf2c4599f14cf8c",
    "https://deno.land/x/quasar@0.0.2/path/mod.ts": "f48fcf86a395b2a429e43deae1e5d75f11e2bf6e275d7460ed99b0a9795a05ba",
    "https://deno.land/x/quasar@0.0.2/process/_base.ts": "a89adc24410c3e1823a806669be1fe6aa7ab682b389904ca306de8d937365295",
    "https://deno.land/x/quasar@0.0.2/process/exec.ts": "13c77a08e0844df1bba5ea2ef41d01afd745be9cb02451b061a3590fe06290c5",
    "https://deno.land/x/quasar@0.0.2/process/mod.ts": "3b2c169414b28ca78eae9d52c9fbb615a3f85d4c4c82e8896b1c6fdf8f3f4c15",
    "https://deno.land/x/quasar@0.0.2/process/ps.ts": "952e4f7560d5b8b943ca36922a35050f3f38d87f71001626784b9d59e5d7249e",
    "https://deno.land/x/quasar@0.0.2/process/splat.ts": "b6c385df70f9de32de32e00fe5ec803716f4492c98e5e685dd0267e05231da10",
    "https://deno.land/x/quasar@0.0.2/process/split_arguments.ts": "c9732e80f9413b99e68d0cd406fb8e10e051f4bb2b6207b8d9f88a9b4ffd3942",
    "https://deno.land/x/quasar@0.0.2/process/which.ts": "fa6c442adcf51223d627203cf4d64e271d7de7717f43c3d90f117f6c735355f9",
    "https://deno.land/x/quasar@0.0.2/process/write_command.ts": "ddb9f2aa92e6c0461cd1652f82c082aa6da47d78e0a0ce55628ca33925568580",
    "https://deno.land/x/quasar@0.0.2/random/mod.ts": "744c5ca7871ca4d58d2eeb27f7f0c65fe884782c518da82a25442a6cc3b7f0aa",
    "https://deno.land/x/quasar@0.0.2/runtime/mod.ts": "bd4c78794bb134b63e7cb7538d81702c9e1b2b4748d0088a8fc420ba16148082",
    "https://deno.land/x/quasar@0.0.2/secrets/generator.ts": "c76b7f9ec865dab617e5dd29ce2c96f1763cc2a0ff54054600f2e85b5ed8536f",
    "https://deno.land/x/quasar@0.0.2/secrets/masker.ts": "bf2e1d31a84ca03047983dbef0feb32e7daf04252cbcaea3970ba126905f913e",
    "https://deno.land/x/quasar@0.0.2/secrets/mod.ts": "b12308e39ae78bb9d9cfb6551941636631595d70ffacd51807702b6935225796",
    "https://deno.land/x/quasar@0.0.2/streams/interfaces.ts": "897b4e00ac7eb9b3e5997ed7636212a899f798819ac782afa9c0dd87791d7d86",
    "https://deno.land/x/quasar@0.0.2/text/char.ts": "7b730b9d0ac372825ce88bf6927fd207fceb22444900c40077e4dbf02e89da4c",
    "https://deno.land/x/quasar@0.0.2/text/char_constants.ts": "a3954eb8eb056413149ede2445e5e1145ef9914b8a2acedd1e491392d5063991",
    "https://deno.land/x/quasar@0.0.2/text/inflections.ts": "c31ddba5a1939313c402e8a2f427a9fa4029584e24e1470dce563e1dcbd87d58",
    "https://deno.land/x/quasar@0.0.2/text/str.ts": "9e3b4ddc2b07f96d6ae59b52b2b05c48cc3436ddc4f07f3eb57f616dbc26c013",
    "https://deno.land/x/quasar@0.0.2/text/string_builder.ts": "afd4201920e516e0183ae959b83363b3872db823f93773d924a9a663b3f22519",
    "https://deno.land/x/retry@v2.0.0/deps.ts": "62bc07039958b86fcb32e739cc030358417ee1f21872d54c108787d7cea202dc",
    "https://deno.land/x/retry@v2.0.0/misc.ts": "1576f1b578a8da8c9f3e21988a77cb66081bc04d73965e98f635e7107bd394ea",
    "https://deno.land/x/retry@v2.0.0/mod.ts": "a02882eca91f62cda4871ff55b83e9b7ac7173fe7e37028e3ff24d5a58c723e4",
    "https://deno.land/x/retry@v2.0.0/retry/decorator.ts": "d95aa83651c355be3c01290721cf1c1c121ef442031abd9b91b06486b9908978",
    "https://deno.land/x/retry@v2.0.0/retry/options.ts": "b97a77a8dbad759602c92f3b08a2e99466844ff672e9cf52523c6f94cb47619b",
    "https://deno.land/x/retry@v2.0.0/retry/retry.ts": "2d8de90696082287aa31ee7723d3fb9b7d8f10f06651aa38494364e69a371a6e",
    "https://deno.land/x/retry@v2.0.0/retry/tooManyTries.ts": "e63db29ff25b32a7938da60112a7a0280b3dffa5d888b25d3225d417057af0fa",
    "https://deno.land/x/retry@v2.0.0/retry/utils/options.ts": "ad21c186f419f29f4dde70631ef4cf47302fc63f99c9d259108cc4fc10b64c91",
    "https://deno.land/x/retry@v2.0.0/retry/utils/tools.ts": "0873dd98867c3befa40777b4c39752443b7e4a357194719b3f7e52a6af3b96d5",
    "https://deno.land/x/retry@v2.0.0/retry/utils/untilDefined/decorators.ts": "b0638e5d8f29ae91591fc0c22d59aaeca98875b25f27965f00dac8ac62827240",
    "https://deno.land/x/retry@v2.0.0/retry/utils/untilDefined/retry.ts": "419ff8e8e70d3afd9c72e4c613da1a33f1226701fd38a0529f053848ed295169",
    "https://deno.land/x/retry@v2.0.0/retry/utils/untilResponse/decorators.ts": "0696c8292acb316a78bcd228c141b2039fe2dcf3089ae5d93c65e1e2b0778240",
    "https://deno.land/x/retry@v2.0.0/retry/utils/untilResponse/retry.ts": "756c9260656c1e506437d20a09c03d56a52c03deb4d90cf5ec04fe444a7c5a60",
    "https://deno.land/x/retry@v2.0.0/retry/utils/untilTruthy/decorators.ts": "669d6abfd4efacd0e3404b869710a54fe14452b96af9a8a6a9277a06b4736083",
    "https://deno.land/x/retry@v2.0.0/retry/utils/untilTruthy/retry.ts": "b9a84430b3116c973175a07e0fffed70db9ea5f6154ec4f56f267ec3df8e5e3d",
    "https://deno.land/x/retry@v2.0.0/wait/decorators.ts": "8bdb7953fc3408369afc5bba03a1ac285a81fe1472a688418cf8d0391eeef7ff",
    "https://deno.land/x/retry@v2.0.0/wait/options.ts": "159e50c401e5fbb5513aa25cffb703758d9618e80b8a40b6af2ba51d3153a19a",
    "https://deno.land/x/retry@v2.0.0/wait/timeoutError.ts": "61b6b17e26cd16d7f612169185c8e4e63271673c15ad6b8bb4b20fbd9418b1fb",
    "https://deno.land/x/retry@v2.0.0/wait/wait.ts": "508bd97fced6b35393c358339e9a89d3cef9497dd2d95beaed40a83fef7e3d4f",
  }
}
